
Microsoft Visual Studio Solution File, Format Version 12.00
# Visual Studio 15
VisualStudioVersion = 15.0.27703.2042
MinimumVisualStudioVersion = 10.0.40219.1
Project("{9A19103F-16F7-4668-BE54-9A1E7A4F7556}") = "DigitalLibrary.Web", "DigitalLibrary.Web\DigitalLibrary.Web.csproj", "{2231F586-14E4-46AA-9253-C19FF53E90D5}"
EndProject
Project("{9A19103F-16F7-4668-BE54-9A1E7A4F7556}") = "DigitalLibrary.UnitTest", "DigitalLibrary.UnitTest\DigitalLibrary.UnitTest.csproj", "{EA1AAE4A-EF1E-41B5-B171-0649E93808F9}"
EndProject
Project("{9A19103F-16F7-4668-BE54-9A1E7A4F7556}") = "DigitalLibrary.IntegrationTest", "DigitalLibrary.IntegrationTest\DigitalLibrary.IntegrationTest.csproj", "{EDF7334E-440A-453D-BB93-C9677E770ECF}"
EndProject
Global
	GlobalSection(SolutionConfigurationPlatforms) = preSolution
		Debug|Any CPU = Debug|Any CPU
		Release|Any CPU = Release|Any CPU
	EndGlobalSection
	GlobalSection(ProjectConfigurationPlatforms) = postSolution
		{2231F586-14E4-46AA-9253-C19FF53E90D5}.Debug|Any CPU.ActiveCfg = Debug|Any CPU
		{2231F586-14E4-46AA-9253-C19FF53E90D5}.Debug|Any CPU.Build.0 = Debug|Any CPU
		{2231F586-14E4-46AA-9253-C19FF53E90D5}.Release|Any CPU.ActiveCfg = Release|Any CPU
		{2231F586-14E4-46AA-9253-C19FF53E90D5}.Release|Any CPU.Build.0 = Release|Any CPU
		{EA1AAE4A-EF1E-41B5-B171-0649E93808F9}.Debug|Any CPU.ActiveCfg = Debug|Any CPU
		{EA1AAE4A-EF1E-41B5-B171-0649E93808F9}.Debug|Any CPU.Build.0 = Debug|Any CPU
		{EA1AAE4A-EF1E-41B5-B171-0649E93808F9}.Release|Any CPU.ActiveCfg = Release|Any CPU
		{EA1AAE4A-EF1E-41B5-B171-0649E93808F9}.Release|Any CPU.Build.0 = Release|Any CPU
		{EDF7334E-440A-453D-BB93-C9677E770ECF}.Debug|Any CPU.ActiveCfg = Debug|Any CPU
		{EDF7334E-440A-453D-BB93-C9677E770ECF}.Debug|Any CPU.Build.0 = Debug|Any CPU
		{EDF7334E-440A-453D-BB93-C9677E770ECF}.Release|Any CPU.ActiveCfg = Release|Any CPU
		{EDF7334E-440A-453D-BB93-C9677E770ECF}.Release|Any CPU.Build.0 = Release|Any CPU
	EndGlobalSection
	GlobalSection(SolutionProperties) = preSolution
		HideSolutionNode = FALSE
	EndGlobalSection
	GlobalSection(ExtensibilityGlobals) = postSolution
		SolutionGuid = {90D7B261-3E53-4A5A-B3ED-D837FB7EEE47}
	EndGlobalSection
EndGlobal
